{
  "name": "workflows",
  "lockfileVersion": 2,
  "requires": true,
  "packages": {
    "": {
      "devDependencies": {
        "chromatic": "^6.5.3"
      }
    },
    "node_modules/chromatic": {
      "version": "6.5.3",
      "resolved": "https://registry.npmjs.org/chromatic/-/chromatic-6.5.3.tgz",
      "integrity": "sha512-6Wy2lsNaojY5wTvobE3WV5VrQ5oP7B8kal6zWGrxu9g7Qbenb2cTcQ5SYgQY7tzT0Ed0zeHVyQm4TMmKz+XfXA==",
      "dev": true,
      "bin": {
        "chroma": "bin/main.cjs",
        "chromatic": "bin/main.cjs",
        "chromatic-cli": "bin/main.cjs"
      }
    }
  },
  "dependencies": {
    "chromatic": {
      "version": "6.5.3",
      "resolved": "https://registry.npmjs.org/chromatic/-/chromatic-6.5.3.tgz",
      "integrity": "sha512-6Wy2lsNaojY5wTvobE3WV5VrQ5oP7B8kal6zWGrxu9g7Qbenb2cTcQ5SYgQY7tzT0Ed0zeHVyQm4TMmKz+XfXA==",
      "dev": true
    }
  }
}
