# THIS IS AN AUTOGENERATED FILE. DO NOT EDIT THIS FILE DIRECTLY.
# yarn lockfile v1


chromatic@^6.5.3:
  version "6.5.3"
  resolved "https://registry.yarnpkg.com/chromatic/-/chromatic-6.5.3.tgz#dd96e6df6d2ed9d0c79277dc18b06a089080ce62"
  integrity sha512-6Wy2lsNaojY5wTvobE3WV5VrQ5oP7B8kal6zWGrxu9g7Qbenb2cTcQ5SYgQY7tzT0Ed0zeHVyQm4TMmKz+XfXA==
